{
  "originHash" : "97d5e10fe56f9cc8abe4fe1e95c2e14dcb91419583cf06892ae09bd9c364f53a",
  "pins" : [
    {
      "identity" : "alamofire",
      "kind" : "remoteSourceControl",
      "location" : "https://github.com/Alamofire/Alamofire",
      "state" : {
        "revision" : "f455c2975872ccd2d9c81594c658af65716e9b9a",
        "version" : "5.9.1"
      }
    },
    {
      "identity" : "shimmerloading",
      "kind" : "remoteSourceControl",
      "location" : "https://github.com/codedeman/ShimmerLoading.git",
      "state" : {
        "revision" : "369b0e6b4c13c7bd0ff05d2ebcbe8868b5d6b1ae",
        "version" : "1.0.0"
      }
    }
  ],
  "version" : 3
}
